
Microsoft Visual Studio Solution File, Format Version 12.00
# Visual Studio Version 17
VisualStudioVersion = 17.10.35027.167
MinimumVisualStudioVersion = 10.0.40219.1
Project("{FAE04EC0-301F-11D3-BF4B-00C04F79EFBC}") = "StudentManagerment", "StudentManagerment\StudentManagerment.csproj", "{57D0E5B3-C7D4-4B36-9418-0469E7982D15}"
EndProject
Global
	GlobalSection(SolutionConfigurationPlatforms) = preSolution
		Debug|Any CPU = Debug|Any CPU
		Release|Any CPU = Release|Any CPU
	EndGlobalSection
	GlobalSection(ProjectConfigurationPlatforms) = postSolution
		{57D0E5B3-C7D4-4B36-9418-0469E7982D15}.Debug|Any CPU.ActiveCfg = Debug|Any CPU
		{57D0E5B3-C7D4-4B36-9418-0469E7982D15}.Debug|Any CPU.Build.0 = Debug|Any CPU
		{57D0E5B3-C7D4-4B36-9418-0469E7982D15}.Release|Any CPU.ActiveCfg = Release|Any CPU
		{57D0E5B3-C7D4-4B36-9418-0469E7982D15}.Release|Any CPU.Build.0 = Release|Any CPU
	EndGlobalSection
	GlobalSection(SolutionProperties) = preSolution
		HideSolutionNode = FALSE
	EndGlobalSection
	GlobalSection(ExtensibilityGlobals) = postSolution
		SolutionGuid = {B469D335-44C6-44AF-9FEC-37AC67CE78E8}
	EndGlobalSection
EndGlobal
